
Microsoft Visual Studio Solution File, Format Version 12.00
# Visual Studio Version 17
VisualStudioVersion = 17.6.33815.320
MinimumVisualStudioVersion = 10.0.40219.1
Project("{FAE04EC0-301F-11D3-BF4B-00C04F79EFBC}") = "MovieListerX", "MovieListerX\MovieListerX.csproj", "{4ABBB569-D838-405E-A1B1-8B478507F745}"
EndProject
Global
	GlobalSection(SolutionConfigurationPlatforms) = preSolution
		Debug|Any CPU = Debug|Any CPU
		Release|Any CPU = Release|Any CPU
	EndGlobalSection
	GlobalSection(ProjectConfigurationPlatforms) = postSolution
		{4ABBB569-D838-405E-A1B1-8B478507F745}.Debug|Any CPU.ActiveCfg = Debug|Any CPU
		{4ABBB569-D838-405E-A1B1-8B478507F745}.Debug|Any CPU.Build.0 = Debug|Any CPU
		{4ABBB569-D838-405E-A1B1-8B478507F745}.Release|Any CPU.ActiveCfg = Release|Any CPU
		{4ABBB569-D838-405E-A1B1-8B478507F745}.Release|Any CPU.Build.0 = Release|Any CPU
	EndGlobalSection
	GlobalSection(SolutionProperties) = preSolution
		HideSolutionNode = FALSE
	EndGlobalSection
	GlobalSection(ExtensibilityGlobals) = postSolution
		SolutionGuid = {6F024B34-D65C-4DAA-BD3A-4C5CAB519653}
	EndGlobalSection
EndGlobal
