
Microsoft Visual Studio Solution File, Format Version 12.00
# Visual Studio Version 17
VisualStudioVersion = 17.6.33815.320
MinimumVisualStudioVersion = 10.0.40219.1
Project("{9A19103F-16F7-4668-BE54-9A1E7A4F7556}") = "MovieListerX", "MovieListerX\MovieListerX.csproj", "{4ABBB569-D838-405E-A1B1-8B478507F745}"
EndProject
Project("{54435603-DBB4-11D2-8724-00A0C9A8B90C}") = "Setup", "Setup\Setup.vdproj", "{77B4729F-ED84-49D4-92C6-08BE75FD2D98}"
EndProject
Global
	GlobalSection(SolutionConfigurationPlatforms) = preSolution
		Debug|Any CPU = Debug|Any CPU
		Release|Any CPU = Release|Any CPU
	EndGlobalSection
	GlobalSection(ProjectConfigurationPlatforms) = postSolution
		{4ABBB569-D838-405E-A1B1-8B478507F745}.Debug|Any CPU.ActiveCfg = Debug|Any CPU
		{4ABBB569-D838-405E-A1B1-8B478507F745}.Debug|Any CPU.Build.0 = Debug|Any CPU
		{4ABBB569-D838-405E-A1B1-8B478507F745}.Release|Any CPU.ActiveCfg = Release|Any CPU
		{4ABBB569-D838-405E-A1B1-8B478507F745}.Release|Any CPU.Build.0 = Release|Any CPU
		{77B4729F-ED84-49D4-92C6-08BE75FD2D98}.Debug|Any CPU.ActiveCfg = Debug
		{77B4729F-ED84-49D4-92C6-08BE75FD2D98}.Release|Any CPU.ActiveCfg = Release
	EndGlobalSection
	GlobalSection(SolutionProperties) = preSolution
		HideSolutionNode = FALSE
	EndGlobalSection
	GlobalSection(ExtensibilityGlobals) = postSolution
		SolutionGuid = {6F024B34-D65C-4DAA-BD3A-4C5CAB519653}
	EndGlobalSection
EndGlobal
